
Microsoft Visual Studio Solution File, Format Version 11.00
# Visual Studio 2010
Project("{FAE04EC0-301F-11D3-BF4B-00C04F79EFBC}") = "UnityEngine.UI", "UnityEngine.UI.csproj", "{b6d27ea5-64d3-2968-dcc4-2cc737b27769}"
EndProject
Project("{FAE04EC0-301F-11D3-BF4B-00C04F79EFBC}") = "UnityEngine.TestRunner", "UnityEngine.TestRunner.csproj", "{8b33d114-482e-f836-2790-2892c694f818}"
EndProject
Project("{FAE04EC0-301F-11D3-BF4B-00C04F79EFBC}") = "Assembly-CSharp", "Assembly-CSharp.csproj", "{04e301ef-518a-9dbf-3db0-7b5197b22c17}"
EndProject
Project("{FAE04EC0-301F-11D3-BF4B-00C04F79EFBC}") = "Unity.VisualScripting.Flow", "Unity.VisualScripting.Flow.csproj", "{cb2d311b-132f-2f07-627f-f4225dd9f685}"
EndProject
Project("{FAE04EC0-301F-11D3-BF4B-00C04F79EFBC}") = "Unity.Services.Core.Telemetry", "Unity.Services.Core.Telemetry.csproj", "{bd380872-94f5-1c0d-b570-324f8b18b179}"
EndProject
Project("{FAE04EC0-301F-11D3-BF4B-00C04F79EFBC}") = "Unity.VisualScripting.State", "Unity.VisualScripting.State.csproj", "{bbb8f924-f0c6-6bdf-afb3-405e0f302812}"
EndProject
Project("{FAE04EC0-301F-11D3-BF4B-00C04F79EFBC}") = "Unity.VisualScripting.Core", "Unity.VisualScripting.Core.csproj", "{d08921c5-99e1-4ae9-fd2b-3043fafafb90}"
EndProject
Project("{FAE04EC0-301F-11D3-BF4B-00C04F79EFBC}") = "Unity.Services.Core.Environments.Internal", "Unity.Services.Core.Environments.Internal.csproj", "{8d309e8b-567e-68be-400d-c6a68a7ecf1c}"
EndProject
Project("{FAE04EC0-301F-11D3-BF4B-00C04F79EFBC}") = "Unity.TextMeshPro", "Unity.TextMeshPro.csproj", "{367bfa98-45d7-e428-0547-9d33563a0469}"
EndProject
Project("{FAE04EC0-301F-11D3-BF4B-00C04F79EFBC}") = "Unity.Timeline", "Unity.Timeline.csproj", "{c5c3e691-d098-635e-4caf-372745c144e3}"
EndProject
Project("{FAE04EC0-301F-11D3-BF4B-00C04F79EFBC}") = "Unity.Services.Core", "Unity.Services.Core.csproj", "{89b0717c-3d50-5e6a-0f89-8c67a205156b}"
EndProject
Project("{FAE04EC0-301F-11D3-BF4B-00C04F79EFBC}") = "Unity.Services.Core.Environments", "Unity.Services.Core.Environments.csproj", "{09356f41-106e-59ef-e9e6-974a5748c13b}"
EndProject
Project("{FAE04EC0-301F-11D3-BF4B-00C04F79EFBC}") = "Unity.Services.Core.Internal", "Unity.Services.Core.Internal.csproj", "{ba005ed1-2ce7-6729-bcda-efb92434f075}"
EndProject
Project("{FAE04EC0-301F-11D3-BF4B-00C04F79EFBC}") = "Unity.Services.Core.Analytics", "Unity.Services.Core.Analytics.csproj", "{9563ad57-83e2-353b-71da-c04a766bb8a8}"
EndProject
Project("{FAE04EC0-301F-11D3-BF4B-00C04F79EFBC}") = "Unity.Services.Core.Scheduler", "Unity.Services.Core.Scheduler.csproj", "{0728689e-1ea5-29dc-c91e-7af6a902655b}"
EndProject
Project("{FAE04EC0-301F-11D3-BF4B-00C04F79EFBC}") = "Unity.Services.Core.Registration", "Unity.Services.Core.Registration.csproj", "{67fb7694-6877-4d05-0839-a88d8f678df2}"
EndProject
Project("{FAE04EC0-301F-11D3-BF4B-00C04F79EFBC}") = "Unity.Services.Core.Device", "Unity.Services.Core.Device.csproj", "{f6b8d91a-698a-a513-6ced-01034c515479}"
EndProject
Project("{FAE04EC0-301F-11D3-BF4B-00C04F79EFBC}") = "Unity.Services.Core.Threading", "Unity.Services.Core.Threading.csproj", "{667a3b90-33bd-ec72-1cef-56d5ad6bb850}"
EndProject
Project("{FAE04EC0-301F-11D3-BF4B-00C04F79EFBC}") = "Unity.Services.Core.Networking", "Unity.Services.Core.Networking.csproj", "{dcce012b-607f-ba87-2da5-949771912270}"
EndProject
Project("{FAE04EC0-301F-11D3-BF4B-00C04F79EFBC}") = "Unity.Services.Core.Configuration", "Unity.Services.Core.Configuration.csproj", "{277b118d-5e5f-4e2e-616c-1e61cb1a6401}"
EndProject
Project("{FAE04EC0-301F-11D3-BF4B-00C04F79EFBC}") = "Unity.PlasticSCM.Editor", "Unity.PlasticSCM.Editor.csproj", "{04301c1e-942e-8125-7f37-698387e4cd1c}"
EndProject
Project("{FAE04EC0-301F-11D3-BF4B-00C04F79EFBC}") = "Unity.VisualScripting.Core.Editor", "Unity.VisualScripting.Core.Editor.csproj", "{1318dd85-c457-addc-5679-0d9aef941b6e}"
EndProject
Project("{FAE04EC0-301F-11D3-BF4B-00C04F79EFBC}") = "Unity.VisualScripting.Flow.Editor", "Unity.VisualScripting.Flow.Editor.csproj", "{1254cd60-d105-bb06-7325-a235eb231f1a}"
EndProject
Project("{FAE04EC0-301F-11D3-BF4B-00C04F79EFBC}") = "Unity.VisualStudio.Editor", "Unity.VisualStudio.Editor.csproj", "{cb1aa4ab-e1b0-771d-8cb6-84c2f80fc757}"
EndProject
Project("{FAE04EC0-301F-11D3-BF4B-00C04F79EFBC}") = "Unity.Timeline.Editor", "Unity.Timeline.Editor.csproj", "{a8532d9b-a108-c6d0-e953-f4c4647b1efb}"
EndProject
Project("{FAE04EC0-301F-11D3-BF4B-00C04F79EFBC}") = "Unity.VisualScripting.State.Editor", "Unity.VisualScripting.State.Editor.csproj", "{2b6f0c1a-4a55-a23a-3480-8dc80dd76bba}"
EndProject
Project("{FAE04EC0-301F-11D3-BF4B-00C04F79EFBC}") = "Unity.TextMeshPro.Editor", "Unity.TextMeshPro.Editor.csproj", "{abe33dd3-0f1d-3765-62de-a3b1e8c40a73}"
EndProject
Project("{FAE04EC0-301F-11D3-BF4B-00C04F79EFBC}") = "Unity.VisualScripting.SettingsProvider.Editor", "Unity.VisualScripting.SettingsProvider.Editor.csproj", "{e26a75c4-dd39-aeb6-6006-aa76096e86bf}"
EndProject
Project("{FAE04EC0-301F-11D3-BF4B-00C04F79EFBC}") = "Unity.CollabProxy.Editor", "Unity.CollabProxy.Editor.csproj", "{fe7a533a-accd-5d32-f2f7-d1a1cfe5fccc}"
EndProject
Project("{FAE04EC0-301F-11D3-BF4B-00C04F79EFBC}") = "UnityEditor.TestRunner", "UnityEditor.TestRunner.csproj", "{e5843ab5-1ece-8f1e-6ec6-feebd4305667}"
EndProject
Project("{FAE04EC0-301F-11D3-BF4B-00C04F79EFBC}") = "Unity.Services.Core.Editor", "Unity.Services.Core.Editor.csproj", "{94081f11-3674-45fb-9113-58473cb72d71}"
EndProject
Project("{FAE04EC0-301F-11D3-BF4B-00C04F79EFBC}") = "Unity.TestTools.CodeCoverage.Editor", "Unity.TestTools.CodeCoverage.Editor.csproj", "{848a0964-2427-1c5c-0519-6eb723994d35}"
EndProject
Project("{FAE04EC0-301F-11D3-BF4B-00C04F79EFBC}") = "Unity.Rider.Editor", "Unity.Rider.Editor.csproj", "{fc3b3c59-d088-7d94-a93b-20da8264f6ee}"
EndProject
Project("{FAE04EC0-301F-11D3-BF4B-00C04F79EFBC}") = "Unity.Performance.Profile-Analyzer.Editor", "Unity.Performance.Profile-Analyzer.Editor.csproj", "{6ca1b7e9-a7d6-6b90-d3ab-83fafb2c782a}"
EndProject
Project("{FAE04EC0-301F-11D3-BF4B-00C04F79EFBC}") = "Unity.VSCode.Editor", "Unity.VSCode.Editor.csproj", "{9d84bb88-d3be-12ba-d110-9969afe28088}"
EndProject
Project("{FAE04EC0-301F-11D3-BF4B-00C04F79EFBC}") = "UnityEditor.UI", "UnityEditor.UI.csproj", "{150d2e10-dcaf-204f-f459-7a473508d861}"
EndProject
Project("{FAE04EC0-301F-11D3-BF4B-00C04F79EFBC}") = "Unity.TestTools.CodeCoverage.Editor.OpenCover.Model", "Unity.TestTools.CodeCoverage.Editor.OpenCover.Model.csproj", "{5b68d2cf-9091-612b-7113-9264299d0631}"
EndProject
Project("{FAE04EC0-301F-11D3-BF4B-00C04F79EFBC}") = "Unity.EditorCoroutines.Editor", "Unity.EditorCoroutines.Editor.csproj", "{f10e3128-d8e3-f094-5ba7-f58620543293}"
EndProject
Project("{FAE04EC0-301F-11D3-BF4B-00C04F79EFBC}") = "Unity.Settings.Editor", "Unity.Settings.Editor.csproj", "{68dfc37e-5fbb-9a43-87a0-e27639a4addc}"
EndProject
Project("{FAE04EC0-301F-11D3-BF4B-00C04F79EFBC}") = "Unity.Services.Core.Configuration.Editor", "Unity.Services.Core.Configuration.Editor.csproj", "{e83b7f82-0669-52fd-677e-106471a393c1}"
EndProject
Project("{FAE04EC0-301F-11D3-BF4B-00C04F79EFBC}") = "Unity.TestTools.CodeCoverage.Editor.OpenCover.Mono.Reflection", "Unity.TestTools.CodeCoverage.Editor.OpenCover.Mono.Reflection.csproj", "{f8bd4169-0ec0-2624-bb1a-958ba82a0a74}"
EndProject
Project("{FAE04EC0-301F-11D3-BF4B-00C04F79EFBC}") = "Unity.VisualScripting.Shared.Editor", "Unity.VisualScripting.Shared.Editor.csproj", "{1f5fca55-bcfd-cdbe-b52f-53446fe27bc2}"
EndProject
Project("{FAE04EC0-301F-11D3-BF4B-00C04F79EFBC}") = "Unity.2D.Sprite.Editor", "Unity.2D.Sprite.Editor.csproj", "{520348c8-d713-ce35-f514-99943f5e935c}"
EndProject
Global
	GlobalSection(SolutionConfigurationPlatforms) = preSolution
		Debug|Any CPU = Debug|Any CPU
	EndGlobalSection
	GlobalSection(ProjectConfigurationPlatforms) = postSolution
		{b6d27ea5-64d3-2968-dcc4-2cc737b27769}.Debug|Any CPU.ActiveCfg = Debug|Any CPU
		{b6d27ea5-64d3-2968-dcc4-2cc737b27769}.Debug|Any CPU.Build.0 = Debug|Any CPU
		{8b33d114-482e-f836-2790-2892c694f818}.Debug|Any CPU.ActiveCfg = Debug|Any CPU
		{8b33d114-482e-f836-2790-2892c694f818}.Debug|Any CPU.Build.0 = Debug|Any CPU
		{04e301ef-518a-9dbf-3db0-7b5197b22c17}.Debug|Any CPU.ActiveCfg = Debug|Any CPU
		{04e301ef-518a-9dbf-3db0-7b5197b22c17}.Debug|Any CPU.Build.0 = Debug|Any CPU
		{cb2d311b-132f-2f07-627f-f4225dd9f685}.Debug|Any CPU.ActiveCfg = Debug|Any CPU
		{cb2d311b-132f-2f07-627f-f4225dd9f685}.Debug|Any CPU.Build.0 = Debug|Any CPU
		{bd380872-94f5-1c0d-b570-324f8b18b179}.Debug|Any CPU.ActiveCfg = Debug|Any CPU
		{bd380872-94f5-1c0d-b570-324f8b18b179}.Debug|Any CPU.Build.0 = Debug|Any CPU
		{bbb8f924-f0c6-6bdf-afb3-405e0f302812}.Debug|Any CPU.ActiveCfg = Debug|Any CPU
		{bbb8f924-f0c6-6bdf-afb3-405e0f302812}.Debug|Any CPU.Build.0 = Debug|Any CPU
		{d08921c5-99e1-4ae9-fd2b-3043fafafb90}.Debug|Any CPU.ActiveCfg = Debug|Any CPU
		{d08921c5-99e1-4ae9-fd2b-3043fafafb90}.Debug|Any CPU.Build.0 = Debug|Any CPU
		{8d309e8b-567e-68be-400d-c6a68a7ecf1c}.Debug|Any CPU.ActiveCfg = Debug|Any CPU
		{8d309e8b-567e-68be-400d-c6a68a7ecf1c}.Debug|Any CPU.Build.0 = Debug|Any CPU
		{367bfa98-45d7-e428-0547-9d33563a0469}.Debug|Any CPU.ActiveCfg = Debug|Any CPU
		{367bfa98-45d7-e428-0547-9d33563a0469}.Debug|Any CPU.Build.0 = Debug|Any CPU
		{c5c3e691-d098-635e-4caf-372745c144e3}.Debug|Any CPU.ActiveCfg = Debug|Any CPU
		{c5c3e691-d098-635e-4caf-372745c144e3}.Debug|Any CPU.Build.0 = Debug|Any CPU
		{89b0717c-3d50-5e6a-0f89-8c67a205156b}.Debug|Any CPU.ActiveCfg = Debug|Any CPU
		{89b0717c-3d50-5e6a-0f89-8c67a205156b}.Debug|Any CPU.Build.0 = Debug|Any CPU
		{09356f41-106e-59ef-e9e6-974a5748c13b}.Debug|Any CPU.ActiveCfg = Debug|Any CPU
		{09356f41-106e-59ef-e9e6-974a5748c13b}.Debug|Any CPU.Build.0 = Debug|Any CPU
		{ba005ed1-2ce7-6729-bcda-efb92434f075}.Debug|Any CPU.ActiveCfg = Debug|Any CPU
		{ba005ed1-2ce7-6729-bcda-efb92434f075}.Debug|Any CPU.Build.0 = Debug|Any CPU
		{9563ad57-83e2-353b-71da-c04a766bb8a8}.Debug|Any CPU.ActiveCfg = Debug|Any CPU
		{9563ad57-83e2-353b-71da-c04a766bb8a8}.Debug|Any CPU.Build.0 = Debug|Any CPU
		{0728689e-1ea5-29dc-c91e-7af6a902655b}.Debug|Any CPU.ActiveCfg = Debug|Any CPU
		{0728689e-1ea5-29dc-c91e-7af6a902655b}.Debug|Any CPU.Build.0 = Debug|Any CPU
		{67fb7694-6877-4d05-0839-a88d8f678df2}.Debug|Any CPU.ActiveCfg = Debug|Any CPU
		{67fb7694-6877-4d05-0839-a88d8f678df2}.Debug|Any CPU.Build.0 = Debug|Any CPU
		{f6b8d91a-698a-a513-6ced-01034c515479}.Debug|Any CPU.ActiveCfg = Debug|Any CPU
		{f6b8d91a-698a-a513-6ced-01034c515479}.Debug|Any CPU.Build.0 = Debug|Any CPU
		{667a3b90-33bd-ec72-1cef-56d5ad6bb850}.Debug|Any CPU.ActiveCfg = Debug|Any CPU
		{667a3b90-33bd-ec72-1cef-56d5ad6bb850}.Debug|Any CPU.Build.0 = Debug|Any CPU
		{dcce012b-607f-ba87-2da5-949771912270}.Debug|Any CPU.ActiveCfg = Debug|Any CPU
		{dcce012b-607f-ba87-2da5-949771912270}.Debug|Any CPU.Build.0 = Debug|Any CPU
		{277b118d-5e5f-4e2e-616c-1e61cb1a6401}.Debug|Any CPU.ActiveCfg = Debug|Any CPU
		{277b118d-5e5f-4e2e-616c-1e61cb1a6401}.Debug|Any CPU.Build.0 = Debug|Any CPU
		{04301c1e-942e-8125-7f37-698387e4cd1c}.Debug|Any CPU.ActiveCfg = Debug|Any CPU
		{04301c1e-942e-8125-7f37-698387e4cd1c}.Debug|Any CPU.Build.0 = Debug|Any CPU
		{1318dd85-c457-addc-5679-0d9aef941b6e}.Debug|Any CPU.ActiveCfg = Debug|Any CPU
		{1318dd85-c457-addc-5679-0d9aef941b6e}.Debug|Any CPU.Build.0 = Debug|Any CPU
		{1254cd60-d105-bb06-7325-a235eb231f1a}.Debug|Any CPU.ActiveCfg = Debug|Any CPU
		{1254cd60-d105-bb06-7325-a235eb231f1a}.Debug|Any CPU.Build.0 = Debug|Any CPU
		{cb1aa4ab-e1b0-771d-8cb6-84c2f80fc757}.Debug|Any CPU.ActiveCfg = Debug|Any CPU
		{cb1aa4ab-e1b0-771d-8cb6-84c2f80fc757}.Debug|Any CPU.Build.0 = Debug|Any CPU
		{a8532d9b-a108-c6d0-e953-f4c4647b1efb}.Debug|Any CPU.ActiveCfg = Debug|Any CPU
		{a8532d9b-a108-c6d0-e953-f4c4647b1efb}.Debug|Any CPU.Build.0 = Debug|Any CPU
		{2b6f0c1a-4a55-a23a-3480-8dc80dd76bba}.Debug|Any CPU.ActiveCfg = Debug|Any CPU
		{2b6f0c1a-4a55-a23a-3480-8dc80dd76bba}.Debug|Any CPU.Build.0 = Debug|Any CPU
		{abe33dd3-0f1d-3765-62de-a3b1e8c40a73}.Debug|Any CPU.ActiveCfg = Debug|Any CPU
		{abe33dd3-0f1d-3765-62de-a3b1e8c40a73}.Debug|Any CPU.Build.0 = Debug|Any CPU
		{e26a75c4-dd39-aeb6-6006-aa76096e86bf}.Debug|Any CPU.ActiveCfg = Debug|Any CPU
		{e26a75c4-dd39-aeb6-6006-aa76096e86bf}.Debug|Any CPU.Build.0 = Debug|Any CPU
		{fe7a533a-accd-5d32-f2f7-d1a1cfe5fccc}.Debug|Any CPU.ActiveCfg = Debug|Any CPU
		{fe7a533a-accd-5d32-f2f7-d1a1cfe5fccc}.Debug|Any CPU.Build.0 = Debug|Any CPU
		{e5843ab5-1ece-8f1e-6ec6-feebd4305667}.Debug|Any CPU.ActiveCfg = Debug|Any CPU
		{e5843ab5-1ece-8f1e-6ec6-feebd4305667}.Debug|Any CPU.Build.0 = Debug|Any CPU
		{94081f11-3674-45fb-9113-58473cb72d71}.Debug|Any CPU.ActiveCfg = Debug|Any CPU
		{94081f11-3674-45fb-9113-58473cb72d71}.Debug|Any CPU.Build.0 = Debug|Any CPU
		{848a0964-2427-1c5c-0519-6eb723994d35}.Debug|Any CPU.ActiveCfg = Debug|Any CPU
		{848a0964-2427-1c5c-0519-6eb723994d35}.Debug|Any CPU.Build.0 = Debug|Any CPU
		{fc3b3c59-d088-7d94-a93b-20da8264f6ee}.Debug|Any CPU.ActiveCfg = Debug|Any CPU
		{fc3b3c59-d088-7d94-a93b-20da8264f6ee}.Debug|Any CPU.Build.0 = Debug|Any CPU
		{6ca1b7e9-a7d6-6b90-d3ab-83fafb2c782a}.Debug|Any CPU.ActiveCfg = Debug|Any CPU
		{6ca1b7e9-a7d6-6b90-d3ab-83fafb2c782a}.Debug|Any CPU.Build.0 = Debug|Any CPU
		{9d84bb88-d3be-12ba-d110-9969afe28088}.Debug|Any CPU.ActiveCfg = Debug|Any CPU
		{9d84bb88-d3be-12ba-d110-9969afe28088}.Debug|Any CPU.Build.0 = Debug|Any CPU
		{150d2e10-dcaf-204f-f459-7a473508d861}.Debug|Any CPU.ActiveCfg = Debug|Any CPU
		{150d2e10-dcaf-204f-f459-7a473508d861}.Debug|Any CPU.Build.0 = Debug|Any CPU
		{5b68d2cf-9091-612b-7113-9264299d0631}.Debug|Any CPU.ActiveCfg = Debug|Any CPU
		{5b68d2cf-9091-612b-7113-9264299d0631}.Debug|Any CPU.Build.0 = Debug|Any CPU
		{f10e3128-d8e3-f094-5ba7-f58620543293}.Debug|Any CPU.ActiveCfg = Debug|Any CPU
		{f10e3128-d8e3-f094-5ba7-f58620543293}.Debug|Any CPU.Build.0 = Debug|Any CPU
		{68dfc37e-5fbb-9a43-87a0-e27639a4addc}.Debug|Any CPU.ActiveCfg = Debug|Any CPU
		{68dfc37e-5fbb-9a43-87a0-e27639a4addc}.Debug|Any CPU.Build.0 = Debug|Any CPU
		{e83b7f82-0669-52fd-677e-106471a393c1}.Debug|Any CPU.ActiveCfg = Debug|Any CPU
		{e83b7f82-0669-52fd-677e-106471a393c1}.Debug|Any CPU.Build.0 = Debug|Any CPU
		{f8bd4169-0ec0-2624-bb1a-958ba82a0a74}.Debug|Any CPU.ActiveCfg = Debug|Any CPU
		{f8bd4169-0ec0-2624-bb1a-958ba82a0a74}.Debug|Any CPU.Build.0 = Debug|Any CPU
		{1f5fca55-bcfd-cdbe-b52f-53446fe27bc2}.Debug|Any CPU.ActiveCfg = Debug|Any CPU
		{1f5fca55-bcfd-cdbe-b52f-53446fe27bc2}.Debug|Any CPU.Build.0 = Debug|Any CPU
		{520348c8-d713-ce35-f514-99943f5e935c}.Debug|Any CPU.ActiveCfg = Debug|Any CPU
		{520348c8-d713-ce35-f514-99943f5e935c}.Debug|Any CPU.Build.0 = Debug|Any CPU
	EndGlobalSection
	GlobalSection(SolutionProperties) = preSolution
		HideSolutionNode = FALSE
	EndGlobalSection
EndGlobal
